
Microsoft Visual Studio Solution File, Format Version 12.00
# Visual Studio Version 17
VisualStudioVersion = 17.3.32819.101
MinimumVisualStudioVersion = 10.0.40219.1
Project("{FAE04EC0-301F-11D3-BF4B-00C04F79EFBC}") = "WordtoPDF", "WordtoPDF\WordtoPDF.csproj", "{EDB32BB6-5A45-45E1-8DCE-1A1BE2C8742F}"
EndProject
Global
	GlobalSection(SolutionConfigurationPlatforms) = preSolution
		Debug|Any CPU = Debug|Any CPU
		Release|Any CPU = Release|Any CPU
	EndGlobalSection
	GlobalSection(ProjectConfigurationPlatforms) = postSolution
		{EDB32BB6-5A45-45E1-8DCE-1A1BE2C8742F}.Debug|Any CPU.ActiveCfg = Debug|Any CPU
		{EDB32BB6-5A45-45E1-8DCE-1A1BE2C8742F}.Debug|Any CPU.Build.0 = Debug|Any CPU
		{EDB32BB6-5A45-45E1-8DCE-1A1BE2C8742F}.Release|Any CPU.ActiveCfg = Release|Any CPU
		{EDB32BB6-5A45-45E1-8DCE-1A1BE2C8742F}.Release|Any CPU.Build.0 = Release|Any CPU
	EndGlobalSection
	GlobalSection(SolutionProperties) = preSolution
		HideSolutionNode = FALSE
	EndGlobalSection
	GlobalSection(ExtensibilityGlobals) = postSolution
		SolutionGuid = {3EFB4583-859E-4C77-BE13-1D78E31D0419}
	EndGlobalSection
EndGlobal
